
Microsoft Visual Studio Solution File, Format Version 12.00
# Visual Studio Version 17
VisualStudioVersion = 17.4.33213.308
MinimumVisualStudioVersion = 10.0.40219.1
Project("{8BC9CEB8-8B4A-11D0-8D11-00A0C91BC942}") = "LW2 SP Oct", "LW2 SP Oct\LW2 SP Oct.vcxproj", "{7FCDB93A-E829-4554-BD3D-9102D3415783}"
EndProject
Global
	GlobalSection(SolutionConfigurationPlatforms) = preSolution
		Debug|x64 = Debug|x64
		Debug|x86 = Debug|x86
		Release|x64 = Release|x64
		Release|x86 = Release|x86
	EndGlobalSection
	GlobalSection(ProjectConfigurationPlatforms) = postSolution
		{7FCDB93A-E829-4554-BD3D-9102D3415783}.Debug|x64.ActiveCfg = Debug|x64
		{7FCDB93A-E829-4554-BD3D-9102D3415783}.Debug|x64.Build.0 = Debug|x64
		{7FCDB93A-E829-4554-BD3D-9102D3415783}.Debug|x86.ActiveCfg = Debug|Win32
		{7FCDB93A-E829-4554-BD3D-9102D3415783}.Debug|x86.Build.0 = Debug|Win32
		{7FCDB93A-E829-4554-BD3D-9102D3415783}.Release|x64.ActiveCfg = Release|x64
		{7FCDB93A-E829-4554-BD3D-9102D3415783}.Release|x64.Build.0 = Release|x64
		{7FCDB93A-E829-4554-BD3D-9102D3415783}.Release|x86.ActiveCfg = Release|Win32
		{7FCDB93A-E829-4554-BD3D-9102D3415783}.Release|x86.Build.0 = Release|Win32
	EndGlobalSection
	GlobalSection(SolutionProperties) = preSolution
		HideSolutionNode = FALSE
	EndGlobalSection
	GlobalSection(ExtensibilityGlobals) = postSolution
		SolutionGuid = {1422592A-59FB-4664-9B1D-2920E5086B9A}
	EndGlobalSection
EndGlobal
